// !$*UTF8*$!
{
	archiveVersion = 1;
	classes = {
	};
	objectVersion = 46;
	objects = {

/* Begin PBXBuildFile section */
		2D4CA6911C9F40160000F1D6 /* main.cpp in Sources */ = {isa = PBXBuildFile; fileRef = 2D4CA6901C9F40160000F1D6 /* main.cpp */; };
/* End PBXBuildFile section */

/* Begin PBXFileReference section */
		2D4CA68D1C9F40160000F1D6 /* RaspiCam */ = {isa = PBXFileReference; explicitFileType = "compiled.mach-o.executable"; includeInIndex = 0; path = RaspiCam; sourceTree = BUILT_PRODUCTS_DIR; };
		2D4CA6901C9F40160000F1D6 /* main.cpp */ = {isa = PBXFileReference; lastKnownFileType = sourcecode.cpp.cpp; path = main.cpp; sourceTree = "<group>"; };
		2D4CA69D1C9F47D50000F1D6 /* raspicam.h */ = {isa = PBXFileReference; lastKnownFileType = sourcecode.c.h; name = raspicam.h; path = "../../../../Downloads/raspicam-0.1.3/src/raspicam.h"; sourceTree = "<group>"; };
		2D4CA69E1C9F48E40000F1D6 /* Makefile */ = {isa = PBXFileReference; lastKnownFileType = sourcecode.make; path = Makefile; sourceTree = "<group>"; };
/* End PBXFileReference section */

/* Begin PBXGroup section */
		2D4CA6841C9F40160000F1D6 = {
			isa = PBXGroup;
			children = (
				2D4CA68F1C9F40160000F1D6 /* RaspiCam */,
				2D4CA68E1C9F40160000F1D6 /* Products */,
			);
			sourceTree = "<group>";
		};
		2D4CA68E1C9F40160000F1D6 /* Products */ = {
			isa = PBXGroup;
			children = (
				2D4CA68D1C9F40160000F1D6 /* RaspiCam */,
			);
			name = Products;
			sourceTree = "<group>";
		};
		2D4CA68F1C9F40160000F1D6 /* RaspiCam */ = {
			isa = PBXGroup;
			children = (
				2D4CA69E1C9F48E40000F1D6 /* Makefile */,
				2D4CA69D1C9F47D50000F1D6 /* raspicam.h */,
				2D4CA6901C9F40160000F1D6 /* main.cpp */,
			);
			path = RaspiCam;
			sourceTree = "<group>";
		};
/* End PBXGroup section */

/* Begin PBXNativeTarget section */
		2D4CA68C1C9F40160000F1D6 /* RaspiCam */ = {
			isa = PBXNativeTarget;
			buildConfigurationList = 2D4CA6941C9F40160000F1D6 /* Build configuration list for PBXNativeTarget "RaspiCam" */;
			buildPhases = (
				2D4CA6971C9F404B0000F1D6 /* ShellScript */,
				2D4CA6891C9F40160000F1D6 /* Sources */,
			);
			buildRules = (
			);
			dependencies = (
			);
			name = RaspiCam;
			productName = RaspiCam;
			productReference = 2D4CA68D1C9F40160000F1D6 /* RaspiCam */;
			productType = "com.apple.product-type.tool";
		};
/* End PBXNativeTarget section */

/* Begin PBXProject section */
		2D4CA6851C9F40160000F1D6 /* Project object */ = {
			isa = PBXProject;
			attributes = {
				LastUpgradeCheck = 0630;
				ORGANIZATIONNAME = "Matthew McGlynn";
				TargetAttributes = {
					2D4CA68C1C9F40160000F1D6 = {
						CreatedOnToolsVersion = 6.3.2;
					};
				};
			};
			buildConfigurationList = 2D4CA6881C9F40160000F1D6 /* Build configuration list for PBXProject "RaspiCam" */;
			compatibilityVersion = "Xcode 3.2";
			developmentRegion = English;
			hasScannedForEncodings = 0;
			knownRegions = (
				en,
			);
			mainGroup = 2D4CA6841C9F40160000F1D6;
			productRefGroup = 2D4CA68E1C9F40160000F1D6 /* Products */;
			projectDirPath = "";
			projectRoot = "";
			targets = (
				2D4CA68C1C9F40160000F1D6 /* RaspiCam */,
			);
		};
/* End PBXProject section */

/* Begin PBXShellScriptBuildPhase section */
		2D4CA6971C9F404B0000F1D6 /* ShellScript */ = {
			isa = PBXShellScriptBuildPhase;
			buildActionMask = 2147483647;
			files = (
			);
			inputPaths = (
			);
			outputPaths = (
			);
			runOnlyForDeploymentPostprocessing = 0;
			shellPath = /bin/sh;
			shellScript = "cd /Users/mmcglynn/Desktop/PIFlightController\ngit commit -m \"Build Update\" -a\ngit push\n";
		};
/* End PBXShellScriptBuildPhase section */

/* Begin PBXSourcesBuildPhase section */
		2D4CA6891C9F40160000F1D6 /* Sources */ = {
			isa = PBXSourcesBuildPhase;
			buildActionMask = 2147483647;
			files = (
				2D4CA6911C9F40160000F1D6 /* main.cpp in Sources */,
			);
			runOnlyForDeploymentPostprocessing = 0;
		};
/* End PBXSourcesBuildPhase section */

/* Begin XCBuildConfiguration section */
		2D4CA6921C9F40160000F1D6 /* Debug */ = {
			isa = XCBuildConfiguration;
			buildSettings = {
				ALWAYS_SEARCH_USER_PATHS = NO;
				CLANG_CXX_LANGUAGE_STANDARD = "gnu++0x";
				CLANG_CXX_LIBRARY = "libc++";
				CLANG_ENABLE_MODULES = YES;
				CLANG_ENABLE_OBJC_ARC = YES;
				CLANG_WARN_BOOL_CONVERSION = YES;
				CLANG_WARN_CONSTANT_CONVERSION = YES;
				CLANG_WARN_DIRECT_OBJC_ISA_USAGE = YES_ERROR;
				CLANG_WARN_EMPTY_BODY = YES;
				CLANG_WARN_ENUM_CONVERSION = YES;
				CLANG_WARN_INT_CONVERSION = YES;
				CLANG_WARN_OBJC_ROOT_CLASS = YES_ERROR;
				CLANG_WARN_UNREACHABLE_CODE = YES;
				CLANG_WARN__DUPLICATE_METHOD_MATCH = YES;
				COPY_PHASE_STRIP = NO;
				DEBUG_INFORMATION_FORMAT = dwarf;
				ENABLE_STRICT_OBJC_MSGSEND = YES;
				GCC_C_LANGUAGE_STANDARD = gnu99;
				GCC_DYNAMIC_NO_PIC = NO;
				GCC_NO_COMMON_BLOCKS = YES;
				GCC_OPTIMIZATION_LEVEL = 0;
				GCC_PREPROCESSOR_DEFINITIONS = (
					"DEBUG=1",
					"$(inherited)",
				);
				GCC_SYMBOLS_PRIVATE_EXTERN = NO;
				GCC_WARN_64_TO_32_BIT_CONVERSION = YES;
				GCC_WARN_ABOUT_RETURN_TYPE = YES_ERROR;
				GCC_WARN_UNDECLARED_SELECTOR = YES;
				GCC_WARN_UNINITIALIZED_AUTOS = YES_AGGRESSIVE;
				GCC_WARN_UNUSED_FUNCTION = YES;
				GCC_WARN_UNUSED_VARIABLE = YES;
				MACOSX_DEPLOYMENT_TARGET = 10.10;
				MTL_ENABLE_DEBUG_INFO = YES;
				ONLY_ACTIVE_ARCH = YES;
				SDKROOT = macosx;
			};
			name = Debug;
		};
		2D4CA6931C9F40160000F1D6 /* Release */ = {
			isa = XCBuildConfiguration;
			buildSettings = {
				ALWAYS_SEARCH_USER_PATHS = NO;
				CLANG_CXX_LANGUAGE_STANDARD = "gnu++0x";
				CLANG_CXX_LIBRARY = "libc++";
				CLANG_ENABLE_MODULES = YES;
				CLANG_ENABLE_OBJC_ARC = YES;
				CLANG_WARN_BOOL_CONVERSION = YES;
				CLANG_WARN_CONSTANT_CONVERSION = YES;
				CLANG_WARN_DIRECT_OBJC_ISA_USAGE = YES_ERROR;
				CLANG_WARN_EMPTY_BODY = YES;
				CLANG_WARN_ENUM_CONVERSION = YES;
				CLANG_WARN_INT_CONVERSION = YES;
				CLANG_WARN_OBJC_ROOT_CLASS = YES_ERROR;
				CLANG_WARN_UNREACHABLE_CODE = YES;
				CLANG_WARN__DUPLICATE_METHOD_MATCH = YES;
				COPY_PHASE_STRIP = NO;
				DEBUG_INFORMATION_FORMAT = "dwarf-with-dsym";
				ENABLE_NS_ASSERTIONS = NO;
				ENABLE_STRICT_OBJC_MSGSEND = YES;
				GCC_C_LANGUAGE_STANDARD = gnu99;
				GCC_NO_COMMON_BLOCKS = YES;
				GCC_WARN_64_TO_32_BIT_CONVERSION = YES;
				GCC_WARN_ABOUT_RETURN_TYPE = YES_ERROR;
				GCC_WARN_UNDECLARED_SELECTOR = YES;
				GCC_WARN_UNINITIALIZED_AUTOS = YES_AGGRESSIVE;
				GCC_WARN_UNUSED_FUNCTION = YES;
				GCC_WARN_UNUSED_VARIABLE = YES;
				MACOSX_DEPLOYMENT_TARGET = 10.10;
				MTL_ENABLE_DEBUG_INFO = NO;
				SDKROOT = macosx;
			};
			name = Release;
		};
		2D4CA6951C9F40160000F1D6 /* Debug */ = {
			isa = XCBuildConfiguration;
			buildSettings = {
				PRODUCT_NAME = "$(TARGET_NAME)";
			};
			name = Debug;
		};
		2D4CA6961C9F40160000F1D6 /* Release */ = {
			isa = XCBuildConfiguration;
			buildSettings = {
				PRODUCT_NAME = "$(TARGET_NAME)";
			};
			name = Release;
		};
/* End XCBuildConfiguration section */

/* Begin XCConfigurationList section */
		2D4CA6881C9F40160000F1D6 /* Build configuration list for PBXProject "RaspiCam" */ = {
			isa = XCConfigurationList;
			buildConfigurations = (
				2D4CA6921C9F40160000F1D6 /* Debug */,
				2D4CA6931C9F40160000F1D6 /* Release */,
			);
			defaultConfigurationIsVisible = 0;
			defaultConfigurationName = Release;
		};
		2D4CA6941C9F40160000F1D6 /* Build configuration list for PBXNativeTarget "RaspiCam" */ = {
			isa = XCConfigurationList;
			buildConfigurations = (
				2D4CA6951C9F40160000F1D6 /* Debug */,
				2D4CA6961C9F40160000F1D6 /* Release */,
			);
			defaultConfigurationIsVisible = 0;
		};
/* End XCConfigurationList section */
	};
	rootObject = 2D4CA6851C9F40160000F1D6 /* Project object */;
}
