// !$*UTF8*$!
{
	archiveVersion = 1;
	classes = {
	};
	objectVersion = 46;
	objects = {

/* Begin PBXBuildFile section */
		2D475EF71BC0BDC3001813D0 /* Makefile in Sources */ = {isa = PBXBuildFile; fileRef = 2D475EF61BC0BDC3001813D0 /* Makefile */; };
		2D475F0B1BC0F70F001813D0 /* main.cpp in Sources */ = {isa = PBXBuildFile; fileRef = 2D475EEF1BC08ADF001813D0 /* main.cpp */; };
/* End PBXBuildFile section */

/* Begin PBXContainerItemProxy section */
		2D475F041BC0E5AA001813D0 /* PBXContainerItemProxy */ = {
			isa = PBXContainerItemProxy;
			containerPortal = 2D475EE41BC08ADF001813D0 /* Project object */;
			proxyType = 1;
			remoteGlobalIDString = 2D475EFF1BC0E557001813D0;
			remoteInfo = DeploymentScript;
		};
/* End PBXContainerItemProxy section */

/* Begin PBXCopyFilesBuildPhase section */
		2D475EEA1BC08ADF001813D0 /* CopyFiles */ = {
			isa = PBXCopyFilesBuildPhase;
			buildActionMask = 2147483647;
			dstPath = /usr/share/man/man1/;
			dstSubfolderSpec = 0;
			files = (
			);
			runOnlyForDeploymentPostprocessing = 1;
		};
/* End PBXCopyFilesBuildPhase section */

/* Begin PBXFileReference section */
		2D475EEC1BC08ADF001813D0 /* PIFlightController */ = {isa = PBXFileReference; explicitFileType = "compiled.mach-o.executable"; includeInIndex = 0; path = PIFlightController; sourceTree = BUILT_PRODUCTS_DIR; };
		2D475EEF1BC08ADF001813D0 /* main.cpp */ = {isa = PBXFileReference; lastKnownFileType = sourcecode.cpp.cpp; path = main.cpp; sourceTree = "<group>"; };
		2D475EF61BC0BDC3001813D0 /* Makefile */ = {isa = PBXFileReference; fileEncoding = 4; lastKnownFileType = sourcecode.make; path = Makefile; sourceTree = "<group>"; usesTabs = 1; };
		2D475F031BC0E57A001813D0 /* Script.sh */ = {isa = PBXFileReference; fileEncoding = 4; lastKnownFileType = text.script.sh; path = Script.sh; sourceTree = "<group>"; };
		2D475F0C1BC0F825001813D0 /* wiringPi */ = {isa = PBXFileReference; lastKnownFileType = folder; path = wiringPi; sourceTree = "<group>"; };
/* End PBXFileReference section */

/* Begin PBXFrameworksBuildPhase section */
		2D475EE91BC08ADF001813D0 /* Frameworks */ = {
			isa = PBXFrameworksBuildPhase;
			buildActionMask = 2147483647;
			files = (
			);
			runOnlyForDeploymentPostprocessing = 0;
		};
/* End PBXFrameworksBuildPhase section */

/* Begin PBXGroup section */
		2D475EE31BC08ADF001813D0 = {
			isa = PBXGroup;
			children = (
				2D475F031BC0E57A001813D0 /* Script.sh */,
				2D475EEE1BC08ADF001813D0 /* PIFlightController */,
				2D475EED1BC08ADF001813D0 /* Products */,
			);
			sourceTree = "<group>";
		};
		2D475EED1BC08ADF001813D0 /* Products */ = {
			isa = PBXGroup;
			children = (
				2D475EEC1BC08ADF001813D0 /* PIFlightController */,
			);
			name = Products;
			sourceTree = "<group>";
		};
		2D475EEE1BC08ADF001813D0 /* PIFlightController */ = {
			isa = PBXGroup;
			children = (
				2D475EEF1BC08ADF001813D0 /* main.cpp */,
				2D475F0C1BC0F825001813D0 /* wiringPi */,
				2D475EF61BC0BDC3001813D0 /* Makefile */,
			);
			path = PIFlightController;
			sourceTree = "<group>";
		};
/* End PBXGroup section */

/* Begin PBXLegacyTarget section */
		2D475EFF1BC0E557001813D0 /* DeploymentScript */ = {
			isa = PBXLegacyTarget;
			buildArgumentsString = Script.sh;
			buildConfigurationList = 2D475F001BC0E557001813D0 /* Build configuration list for PBXLegacyTarget "DeploymentScript" */;
			buildPhases = (
			);
			buildToolPath = /bin/sh;
			buildWorkingDirectory = /Users/mmcglynn/Desktop/PIFlightController;
			dependencies = (
			);
			name = DeploymentScript;
			passBuildSettingsInEnvironment = 0;
			productName = DeploymentScript;
		};
/* End PBXLegacyTarget section */

/* Begin PBXNativeTarget section */
		2D475EEB1BC08ADF001813D0 /* PIFlightController */ = {
			isa = PBXNativeTarget;
			buildConfigurationList = 2D475EF31BC08ADF001813D0 /* Build configuration list for PBXNativeTarget "PIFlightController" */;
			buildPhases = (
				2D475EE81BC08ADF001813D0 /* Sources */,
				2D475EE91BC08ADF001813D0 /* Frameworks */,
				2D475EEA1BC08ADF001813D0 /* CopyFiles */,
			);
			buildRules = (
			);
			dependencies = (
				2D475F051BC0E5AA001813D0 /* PBXTargetDependency */,
			);
			name = PIFlightController;
			productName = PIFlightController;
			productReference = 2D475EEC1BC08ADF001813D0 /* PIFlightController */;
			productType = "com.apple.product-type.tool";
		};
/* End PBXNativeTarget section */

/* Begin PBXProject section */
		2D475EE41BC08ADF001813D0 /* Project object */ = {
			isa = PBXProject;
			attributes = {
				LastUpgradeCheck = 0630;
				ORGANIZATIONNAME = "Matthew McGlynn";
				TargetAttributes = {
					2D475EEB1BC08ADF001813D0 = {
						CreatedOnToolsVersion = 6.3.2;
					};
					2D475EFF1BC0E557001813D0 = {
						CreatedOnToolsVersion = 6.3.2;
					};
				};
			};
			buildConfigurationList = 2D475EE71BC08ADF001813D0 /* Build configuration list for PBXProject "PIFlightController" */;
			compatibilityVersion = "Xcode 3.2";
			developmentRegion = English;
			hasScannedForEncodings = 0;
			knownRegions = (
				en,
			);
			mainGroup = 2D475EE31BC08ADF001813D0;
			productRefGroup = 2D475EED1BC08ADF001813D0 /* Products */;
			projectDirPath = "";
			projectRoot = "";
			targets = (
				2D475EEB1BC08ADF001813D0 /* PIFlightController */,
				2D475EFF1BC0E557001813D0 /* DeploymentScript */,
			);
		};
/* End PBXProject section */

/* Begin PBXSourcesBuildPhase section */
		2D475EE81BC08ADF001813D0 /* Sources */ = {
			isa = PBXSourcesBuildPhase;
			buildActionMask = 2147483647;
			files = (
				2D475F0B1BC0F70F001813D0 /* main.cpp in Sources */,
				2D475EF71BC0BDC3001813D0 /* Makefile in Sources */,
			);
			runOnlyForDeploymentPostprocessing = 0;
		};
/* End PBXSourcesBuildPhase section */

/* Begin PBXTargetDependency section */
		2D475F051BC0E5AA001813D0 /* PBXTargetDependency */ = {
			isa = PBXTargetDependency;
			target = 2D475EFF1BC0E557001813D0 /* DeploymentScript */;
			targetProxy = 2D475F041BC0E5AA001813D0 /* PBXContainerItemProxy */;
		};
/* End PBXTargetDependency section */

/* Begin XCBuildConfiguration section */
		2D475EF11BC08ADF001813D0 /* Debug */ = {
			isa = XCBuildConfiguration;
			buildSettings = {
				ALWAYS_SEARCH_USER_PATHS = NO;
				CLANG_CXX_LANGUAGE_STANDARD = "gnu++0x";
				CLANG_CXX_LIBRARY = "libc++";
				CLANG_ENABLE_MODULES = YES;
				CLANG_ENABLE_OBJC_ARC = YES;
				CLANG_WARN_BOOL_CONVERSION = YES;
				CLANG_WARN_CONSTANT_CONVERSION = YES;
				CLANG_WARN_DIRECT_OBJC_ISA_USAGE = YES_ERROR;
				CLANG_WARN_EMPTY_BODY = YES;
				CLANG_WARN_ENUM_CONVERSION = YES;
				CLANG_WARN_INT_CONVERSION = YES;
				CLANG_WARN_OBJC_ROOT_CLASS = YES_ERROR;
				CLANG_WARN_UNREACHABLE_CODE = YES;
				CLANG_WARN__DUPLICATE_METHOD_MATCH = YES;
				COPY_PHASE_STRIP = NO;
				DEBUG_INFORMATION_FORMAT = dwarf;
				ENABLE_STRICT_OBJC_MSGSEND = YES;
				GCC_C_LANGUAGE_STANDARD = gnu99;
				GCC_DYNAMIC_NO_PIC = NO;
				GCC_NO_COMMON_BLOCKS = YES;
				GCC_OPTIMIZATION_LEVEL = 0;
				GCC_PREPROCESSOR_DEFINITIONS = (
					"DEBUG=1",
					"$(inherited)",
				);
				GCC_SYMBOLS_PRIVATE_EXTERN = NO;
				GCC_WARN_64_TO_32_BIT_CONVERSION = YES;
				GCC_WARN_ABOUT_RETURN_TYPE = YES_ERROR;
				GCC_WARN_UNDECLARED_SELECTOR = YES;
				GCC_WARN_UNINITIALIZED_AUTOS = YES_AGGRESSIVE;
				GCC_WARN_UNUSED_FUNCTION = YES;
				GCC_WARN_UNUSED_VARIABLE = YES;
				MACOSX_DEPLOYMENT_TARGET = 10.10;
				MTL_ENABLE_DEBUG_INFO = YES;
				ONLY_ACTIVE_ARCH = YES;
				SDKROOT = macosx;
			};
			name = Debug;
		};
		2D475EF21BC08ADF001813D0 /* Release */ = {
			isa = XCBuildConfiguration;
			buildSettings = {
				ALWAYS_SEARCH_USER_PATHS = NO;
				CLANG_CXX_LANGUAGE_STANDARD = "gnu++0x";
				CLANG_CXX_LIBRARY = "libc++";
				CLANG_ENABLE_MODULES = YES;
				CLANG_ENABLE_OBJC_ARC = YES;
				CLANG_WARN_BOOL_CONVERSION = YES;
				CLANG_WARN_CONSTANT_CONVERSION = YES;
				CLANG_WARN_DIRECT_OBJC_ISA_USAGE = YES_ERROR;
				CLANG_WARN_EMPTY_BODY = YES;
				CLANG_WARN_ENUM_CONVERSION = YES;
				CLANG_WARN_INT_CONVERSION = YES;
				CLANG_WARN_OBJC_ROOT_CLASS = YES_ERROR;
				CLANG_WARN_UNREACHABLE_CODE = YES;
				CLANG_WARN__DUPLICATE_METHOD_MATCH = YES;
				COPY_PHASE_STRIP = NO;
				DEBUG_INFORMATION_FORMAT = "dwarf-with-dsym";
				ENABLE_NS_ASSERTIONS = NO;
				ENABLE_STRICT_OBJC_MSGSEND = YES;
				GCC_C_LANGUAGE_STANDARD = gnu99;
				GCC_NO_COMMON_BLOCKS = YES;
				GCC_WARN_64_TO_32_BIT_CONVERSION = YES;
				GCC_WARN_ABOUT_RETURN_TYPE = YES_ERROR;
				GCC_WARN_UNDECLARED_SELECTOR = YES;
				GCC_WARN_UNINITIALIZED_AUTOS = YES_AGGRESSIVE;
				GCC_WARN_UNUSED_FUNCTION = YES;
				GCC_WARN_UNUSED_VARIABLE = YES;
				MACOSX_DEPLOYMENT_TARGET = 10.10;
				MTL_ENABLE_DEBUG_INFO = NO;
				SDKROOT = macosx;
			};
			name = Release;
		};
		2D475EF41BC08ADF001813D0 /* Debug */ = {
			isa = XCBuildConfiguration;
			buildSettings = {
				PRODUCT_NAME = "$(TARGET_NAME)";
			};
			name = Debug;
		};
		2D475EF51BC08ADF001813D0 /* Release */ = {
			isa = XCBuildConfiguration;
			buildSettings = {
				PRODUCT_NAME = "$(TARGET_NAME)";
			};
			name = Release;
		};
		2D475F011BC0E557001813D0 /* Debug */ = {
			isa = XCBuildConfiguration;
			buildSettings = {
				DEBUGGING_SYMBOLS = YES;
				GCC_GENERATE_DEBUGGING_SYMBOLS = YES;
				GCC_OPTIMIZATION_LEVEL = 0;
				GCC_PREPROCESSOR_DEFINITIONS = (
					"DEBUG=1",
					"$(inherited)",
				);
				OTHER_CFLAGS = "";
				OTHER_LDFLAGS = "";
				PRODUCT_NAME = "$(TARGET_NAME)";
			};
			name = Debug;
		};
		2D475F021BC0E557001813D0 /* Release */ = {
			isa = XCBuildConfiguration;
			buildSettings = {
				OTHER_CFLAGS = "";
				OTHER_LDFLAGS = "";
				PRODUCT_NAME = "$(TARGET_NAME)";
			};
			name = Release;
		};
/* End XCBuildConfiguration section */

/* Begin XCConfigurationList section */
		2D475EE71BC08ADF001813D0 /* Build configuration list for PBXProject "PIFlightController" */ = {
			isa = XCConfigurationList;
			buildConfigurations = (
				2D475EF11BC08ADF001813D0 /* Debug */,
				2D475EF21BC08ADF001813D0 /* Release */,
			);
			defaultConfigurationIsVisible = 0;
			defaultConfigurationName = Release;
		};
		2D475EF31BC08ADF001813D0 /* Build configuration list for PBXNativeTarget "PIFlightController" */ = {
			isa = XCConfigurationList;
			buildConfigurations = (
				2D475EF41BC08ADF001813D0 /* Debug */,
				2D475EF51BC08ADF001813D0 /* Release */,
			);
			defaultConfigurationIsVisible = 0;
		};
		2D475F001BC0E557001813D0 /* Build configuration list for PBXLegacyTarget "DeploymentScript" */ = {
			isa = XCConfigurationList;
			buildConfigurations = (
				2D475F011BC0E557001813D0 /* Debug */,
				2D475F021BC0E557001813D0 /* Release */,
			);
			defaultConfigurationIsVisible = 0;
		};
/* End XCConfigurationList section */
	};
	rootObject = 2D475EE41BC08ADF001813D0 /* Project object */;
}
